
Microsoft Visual Studio Solution File, Format Version 12.00
# Visual Studio Version 16
VisualStudioVersion = 16.0.29324.140
MinimumVisualStudioVersion = 10.0.40219.1
Project("{FAE04EC0-301F-11D3-BF4B-00C04F79EFBC}") = "PartialClassDemo", "PartialClassDemo\PartialClassDemo.csproj", "{5D7425E6-9F70-4EED-ADE3-9565EA2CE37C}"
EndProject
Project("{FAE04EC0-301F-11D3-BF4B-00C04F79EFBC}") = "SimpleWinFormsApp", "SimpleWinFormsApp\SimpleWinFormsApp.csproj", "{06691B2B-D182-46FF-8677-44B146F60C9A}"
EndProject
Global
	GlobalSection(SolutionConfigurationPlatforms) = preSolution
		Debug|Any CPU = Debug|Any CPU
		Release|Any CPU = Release|Any CPU
	EndGlobalSection
	GlobalSection(ProjectConfigurationPlatforms) = postSolution
		{5D7425E6-9F70-4EED-ADE3-9565EA2CE37C}.Debug|Any CPU.ActiveCfg = Debug|Any CPU
		{5D7425E6-9F70-4EED-ADE3-9565EA2CE37C}.Debug|Any CPU.Build.0 = Debug|Any CPU
		{5D7425E6-9F70-4EED-ADE3-9565EA2CE37C}.Release|Any CPU.ActiveCfg = Release|Any CPU
		{5D7425E6-9F70-4EED-ADE3-9565EA2CE37C}.Release|Any CPU.Build.0 = Release|Any CPU
		{06691B2B-D182-46FF-8677-44B146F60C9A}.Debug|Any CPU.ActiveCfg = Debug|Any CPU
		{06691B2B-D182-46FF-8677-44B146F60C9A}.Debug|Any CPU.Build.0 = Debug|Any CPU
		{06691B2B-D182-46FF-8677-44B146F60C9A}.Release|Any CPU.ActiveCfg = Release|Any CPU
		{06691B2B-D182-46FF-8677-44B146F60C9A}.Release|Any CPU.Build.0 = Release|Any CPU
	EndGlobalSection
	GlobalSection(SolutionProperties) = preSolution
		HideSolutionNode = FALSE
	EndGlobalSection
	GlobalSection(ExtensibilityGlobals) = postSolution
		SolutionGuid = {F3B76570-893B-4B82-847C-09451A12300B}
	EndGlobalSection
EndGlobal
